
Microsoft Visual Studio Solution File, Format Version 12.00
# Visual Studio 15
VisualStudioVersion = 15.0.28010.2036
MinimumVisualStudioVersion = 10.0.40219.1
Project("{FAE04EC0-301F-11D3-BF4B-00C04F79EFBC}") = "Screen_Capture", "Screen_Capture\Screen_Capture.csproj", "{4A66E070-EDEC-4116-B84A-CC421F877E96}"
EndProject
Global
	GlobalSection(SolutionConfigurationPlatforms) = preSolution
		Debug|Any CPU = Debug|Any CPU
		Release|Any CPU = Release|Any CPU
	EndGlobalSection
	GlobalSection(ProjectConfigurationPlatforms) = postSolution
		{4A66E070-EDEC-4116-B84A-CC421F877E96}.Debug|Any CPU.ActiveCfg = Debug|Any CPU
		{4A66E070-EDEC-4116-B84A-CC421F877E96}.Debug|Any CPU.Build.0 = Debug|Any CPU
		{4A66E070-EDEC-4116-B84A-CC421F877E96}.Release|Any CPU.ActiveCfg = Release|Any CPU
		{4A66E070-EDEC-4116-B84A-CC421F877E96}.Release|Any CPU.Build.0 = Release|Any CPU
	EndGlobalSection
	GlobalSection(SolutionProperties) = preSolution
		HideSolutionNode = FALSE
	EndGlobalSection
	GlobalSection(ExtensibilityGlobals) = postSolution
		SolutionGuid = {A86068DB-432F-42CA-B6B4-5F6199AF9267}
	EndGlobalSection
EndGlobal
